version = 1
revision = 3
requires-python = ">=3.14"

[[package]]
name = "ai-code-security-reviewer"
version = "0.1.0"
source = { virtual = "." }
dependencies = [
    { name = "annotated-doc" },
    { name = "annotated-types" },
    { name = "anyio" },
    { name = "click" },
    { name = "fastapi" },
    { name = "h11" },
    { name = "idna" },
    { name = "pydantic" },
    { name = "pydantic-core" },
    { name = "sqlalchemy" },
    { name = "starlette" },
    { name = "typing-extensions" },
    { name = "typing-inspection" },
    { name = "uvicorn" },
]

[package.metadata]
requires-dist = [
    { name = "annotated-doc", specifier = "==0.0.4" },
    { name = "annotated-types", specifier = "==0.7.0" },
    { name = "anyio", specifier = "==4.13.0" },
    { name = "click", specifier = "==8.3.2" },
    { name = "fastapi", specifier = "==0.136.0" },
    { name = "h11", specifier = "==0.16.0" },
    { name = "idna", specifier = "==3.12" },
    { name = "pydantic", specifier = "==2.13.3" },
    { name = "pydantic-core", specifier = "==2.46.3" },
    { name = "sqlalchemy", specifier = ">=2.0.50" },
    { name = "starlette", specifier = "==1.0.0" },
    { name = "typing-extensions", specifier = "==4.15.0" },
    { name = "typing-inspection", specifier = "==0.4.2" },
    { name = "uvicorn", specifier = "==0.45.0" },
]

[[package]]
name = "annotated-doc"
version = "0.0.4"
source = { registry = "https://pypi.org/simple" }
sdist = { url = "https://files.pythonhosted.org/packages/57/ba/046ceea27344560984e26a590f90bc7f4a75b06701f653222458922b558c/annotated_doc-0.0.4.tar.gz", hash = "sha256:fbcda96e87e9c92ad167c2e53839e57503ecfda18804ea28102353485033faa4", size = 7288, upload-time = "2025-11-10T22:07:42.062Z" }
wheels = [
    { url = "https://files.pythonhosted.org/packages/1e/d3/26bf1008eb3d2daa8ef4cacc7f3bfdc11818d111f7e2d0201bc6e3b49d45/annotated_doc-0.0.4-py3-none-any.whl", hash = "sha256:571ac1dc6991c450b25a9c2d84a3705e2ae7a53467b5d111c24fa8baabbed320", size = 5303, upload-time = "2025-11-10T22:07:40.673Z" },
]

[[package]]
name = "annotated-types"
version = "0.7.0"
source = { registry = "https://pypi.org/simple" }
sdist = { url = "https://files.pythonhosted.org/packages/ee/67/531ea369ba64dcff5ec9c3402f9f51bf748cec26dde048a2f973a4eea7f5/annotated_types-0.7.0.tar.gz", hash = "sha256:aff07c09a53a08bc8cfccb9c85b05f1aa9a2a6f23728d790723543408344ce89", size = 16081, upload-time = "2024-05-20T21:33:25.928Z" }
wheels = [
    { url = "https://files.pythonhosted.org/packages/78/b6/6307fbef88d9b5ee7421e68d78a9f162e0da4900bc5f5793f6d3d0e34fb8/annotated_types-0.7.0-py3-none-any.whl", hash = "sha256:1f02e8b43a8fbbc3f3e0d4f0f4bfc8131bcb4eebe8849b8e5c773f3a1c582a53", size = 13643, upload-time = "2024-05-20T21:33:24.1Z" },
]

[[package]]
name = "anyio"
version = "4.13.0"
source = { registry = "https://pypi.org/simple" }
dependencies = [
    { name = "idna" },
]
sdist = { url = "https://files.pythonhosted.org/packages/19/14/2c5dd9f512b66549ae92767a9c7b330ae88e1932ca57876909410251fe13/anyio-4.13.0.tar.gz", hash = "sha256:334b70e641fd2221c1505b3890c69882fe4a2df910cba14d97019b90b24439dc", size = 231622, upload-time = "2026-03-24T12:59:09.671Z" }
wheels = [
    { url = "https://files.pythonhosted.org/packages/da/42/e921fccf5015463e32a3cf6ee7f980a6ed0f395ceeaa45060b61d86486c2/anyio-4.13.0-py3-none-any.whl", hash = "sha256:08b310f9e24a9594186fd75b4f73f4a4152069e3853f1ed8bfbf58369f4ad708", size = 114353, upload-time = "2026-03-24T12:59:08.246Z" },
]

[[package]]
name = "click"
version = "8.3.2"
source = { registry = "https://pypi.org/simple" }
dependencies = [
    { name = "colorama", marker = "sys_platform == 'win32'" },
]
sdist = { url = "https://files.pythonhosted.org/packages/57/75/31212c6bf2503fdf920d87fee5d7a86a2e3bcf444984126f13d8e4016804/click-8.3.2.tar.gz", hash = "sha256:14162b8b3b3550a7d479eafa77dfd3c38d9dc8951f6f69c78913a8f9a7540fd5", size = 302856, upload-time = "2026-04-03T19:14:45.118Z" }
wheels = [
    { url = "https://files.pythonhosted.org/packages/e4/20/71885d8b97d4f3dde17b1fdb92dbd4908b00541c5a3379787137285f602e/click-8.3.2-py3-none-any.whl", hash = "sha256:1924d2c27c5653561cd2cae4548d1406039cb79b858b747cfea24924bbc1616d", size = 108379, upload-time = "2026-04-03T19:14:43.505Z" },
]

[[package]]
name = "colorama"
version = "0.4.6"
source = { registry = "https://pypi.org/simple" }
sdist = { url = "https://files.pythonhosted.org/packages/d8/53/6f443c9a4a8358a93a6792e2acffb9d9d5cb0a5cfd8802644b7b1c9a02e4/colorama-0.4.6.tar.gz", hash = "sha256:08695f5cb7ed6e0531a20572697297273c47b8cae5a63ffc6d6ed5c201be6e44", size = 27697, upload-time = "2022-10-25T02:36:22.414Z" }
wheels = [
    { url = "https://files.pythonhosted.org/packages/d1/d6/3965ed04c63042e047cb6a3e6ed1a63a35087b6a609aa3a15ed8ac56c221/colorama-0.4.6-py2.py3-none-any.whl", hash = "sha256:4f1d9991f5acc0ca119f9d443620b77f9d6b33703e51011c16baf57afb285fc6", size = 25335, upload-time = "2022-10-25T02:36:20.889Z" },
]

[[package]]
name = "fastapi"
version = "0.136.0"
source = { registry = "https://pypi.org/simple" }
dependencies = [
    { name = "annotated-doc" },
    { name = "pydantic" },
    { name = "starlette" },
    { name = "typing-extensions" },
    { name = "typing-inspection" },
]
sdist = { url = "https://files.pythonhosted.org/packages/4e/d9/e66315807e41e69e7f6a1b42a162dada2f249c5f06ad3f1a95f84ab336ef/fastapi-0.136.0.tar.gz", hash = "sha256:cf08e067cc66e106e102d9ba659463abfac245200752f8a5b7b1e813de4ff73e", size = 396607, upload-time = "2026-04-16T11:47:13.623Z" }
wheels = [
    { url = "https://files.pythonhosted.org/packages/26/a3/0bd5f0cdb0bbc92650e8dc457e9250358411ee5d1b65e42b6632387daf81/fastapi-0.136.0-py3-none-any.whl", hash = "sha256:8793d44ec7378e2be07f8a013cf7f7aa47d6327d0dfe9804862688ec4541a6b4", size = 117556, upload-time = "2026-04-16T11:47:11.922Z" },
]

[[package]]
name = "greenlet"
version = "3.5.1"
source = { registry = "https://pypi.org/simple" }
sdist = { url = "https://files.pythonhosted.org/packages/6d/6e/802acd792aebb2256fbbee8cacf2727faaeb6f240ac11008f09eae4414bc/greenlet-3.5.1.tar.gz", hash = "sha256:5a56aeb7d5d9cc4b3a735efb5095bd4b4f6f0e4f93e5ca876d0e2315137b7829", size = 197356, upload-time = "2026-05-20T15:05:03.917Z" }
wheels = [
    { url = "https://files.pythonhosted.org/packages/8a/cb/c62454606daf5640369c94d8a9dd540599b1bfc090e2d2180cb77f4038d2/greenlet-3.5.1-cp314-cp314-macosx_11_0_universal2.whl", hash = "sha256:d8ab31c9de8651a2facdd5c5bb0011f2380dd1a7af78ce2adf4b56095294fc07", size = 285579, upload-time = "2026-05-20T13:08:56.396Z" },
    { url = "https://files.pythonhosted.org/packages/ec/71/c4270398c2eba968a6071af1dfbdcaeee6ec1c24bc8b435b8cc452700da6/greenlet-3.5.1-cp314-cp314-manylinux_2_24_aarch64.manylinux_2_28_aarch64.whl", hash = "sha256:5e300185139abc337ade480c327183adf42a875ac7181bfe66d7d4efea31fbea", size = 651106, upload-time = "2026-05-20T14:00:09.448Z" },
    { url = "https://files.pythonhosted.org/packages/1a/ab/71e34b78a44ec271fb5f550c17bc46d301ddc5953890d935f270b0dcdb5a/greenlet-3.5.1-cp314-cp314-manylinux_2_24_ppc64le.manylinux_2_28_ppc64le.whl", hash = "sha256:7ffdb990dcaa0234cf9845aead5df2e3c3a8b6507d409274dd87e0d5ab05ffc2", size = 663478, upload-time = "2026-05-20T14:05:45.88Z" },
    { url = "https://files.pythonhosted.org/packages/77/96/4efd6fa5c62c85426a0c19077a586258ebc3a2a146ff2493e4312a697a22/greenlet-3.5.1-cp314-cp314-manylinux_2_24_x86_64.manylinux_2_28_x86_64.whl", hash = "sha256:2f82b3597e9d83b63408affed0b48fd0f54935edac4302237b9a837be0dae33c", size = 660800, upload-time = "2026-05-20T13:14:29.129Z" },
    { url = "https://files.pythonhosted.org/packages/7a/e0/6c71401a25cac7000261304e866a2f2cc04dc74810d40e2f118aa4799495/greenlet-3.5.1-cp314-cp314-musllinux_1_2_aarch64.whl", hash = "sha256:c0141e37414c10164e702b8fb1473304221ad98f71600850c6ef7ff4880feba0", size = 1617518, upload-time = "2026-05-20T14:02:28.662Z" },
    { url = "https://files.pythonhosted.org/packages/41/26/c5c06643e8c0af9e7bf18e16cb51d0ab7625155f0392e1c9015d66d556cd/greenlet-3.5.1-cp314-cp314-musllinux_1_2_x86_64.whl", hash = "sha256:50ae25a67bea74ea41fb14b960bc532df73eb713417b2d61892dced82fe8d3bc", size = 1681593, upload-time = "2026-05-20T13:14:39.417Z" },
    { url = "https://files.pythonhosted.org/packages/8a/bd/e11a108317485075e68af9d23039619b86b28130c3b50d227d42edece64b/greenlet-3.5.1-cp314-cp314-win_amd64.whl", hash = "sha256:8a17c42330e261299766b75ac1ea32caa437a9453c8f65d16a13140db378ecd3", size = 239800, upload-time = "2026-05-20T13:09:30.128Z" },
    { url = "https://files.pythonhosted.org/packages/47/f8/8e8e8417b7bf28639a5a56356ef934d0375e1d0c70a57e04d7701e870ffe/greenlet-3.5.1-cp314-cp314-win_arm64.whl", hash = "sha256:7b5f5fae05b8ac6d176a61b60c394a8cbdc2b5b91b81793066e68745cf165e54", size = 236862, upload-time = "2026-05-20T13:09:10.498Z" },
    { url = "https://files.pythonhosted.org/packages/90/12/41bf27fde4d3605d3773ae57751eda182b8be2f5398011c041173b1d9534/greenlet-3.5.1-cp314-cp314t-macosx_11_0_universal2.whl", hash = "sha256:ea8da1e900d758d078810d4255d8c6aa572181896a31ec79d779eb79c3adc9ad", size = 293637, upload-time = "2026-05-20T13:12:35.529Z" },
    { url = "https://files.pythonhosted.org/packages/44/44/ba14b23e9757707050c2f397d305bbcae62e5d7cad122f8b6baec5ae4a1f/greenlet-3.5.1-cp314-cp314t-manylinux_2_24_aarch64.manylinux_2_28_aarch64.whl", hash = "sha256:a19570c52a21420dcbc94e661994bc325c0b5b11304540fed514586da5dc8f2e", size = 650840, upload-time = "2026-05-20T14:00:11.079Z" },
    { url = "https://files.pythonhosted.org/packages/a8/37/5ddc2b686a6844f91abecef43411842426da2e1573f60b49ecf2547f4ae1/greenlet-3.5.1-cp314-cp314t-manylinux_2_24_ppc64le.manylinux_2_28_ppc64le.whl", hash = "sha256:3d955c89b75eeca4723d7cc14135f393cd47c32e2a6cb4a8e4c6e760a26b0986", size = 656416, upload-time = "2026-05-20T14:05:47.118Z" },
    { url = "https://files.pythonhosted.org/packages/e1/f0/d17510297c35a2992712f0bf84de3779749999f7d3d63aa1f09db7c62dbe/greenlet-3.5.1-cp314-cp314t-manylinux_2_24_x86_64.manylinux_2_28_x86_64.whl", hash = "sha256:de2daaaebd1a5aa88c49045b6baf9310b3263796bd88db713edf37cf53e7bb4e", size = 654397, upload-time = "2026-05-20T13:14:30.696Z" },
    { url = "https://files.pythonhosted.org/packages/37/eb/147387705bb89092645b012586e7273cb5ed3c90ef7eaf3a69173eaf0209/greenlet-3.5.1-cp314-cp314t-musllinux_1_2_aarch64.whl", hash = "sha256:3bfbd69cc349e43bf3a8ae1c85548ff0718efc887615c2db16c3833d7b0b072d", size = 1614469, upload-time = "2026-05-20T14:02:30.192Z" },
    { url = "https://files.pythonhosted.org/packages/a6/4e/37ee0da7732b7aa9896f17e15579a9df34b9fcb9dd494f0adfa749af6623/greenlet-3.5.1-cp314-cp314t-musllinux_1_2_x86_64.whl", hash = "sha256:4378720dd888136c27215a0214d32a4d37c3852765d45bc37aad0623423cfd78", size = 1675115, upload-time = "2026-05-20T13:14:40.972Z" },
    { url = "https://files.pythonhosted.org/packages/57/f3/97dfcf4a6eb5077f8a672234216fb5923eb89f2cab7081cb10b2cf75b605/greenlet-3.5.1-cp314-cp314t-win_amd64.whl", hash = "sha256:45718441607f9325d948db98cbc691276059316d0358c188c246da4e1d4d23d2", size = 245246, upload-time = "2026-05-20T13:12:22.646Z" },
    { url = "https://files.pythonhosted.org/packages/5d/73/d7f72e34b582f694f4a9b248162db7b09cc458a259ba8f0c0bfa1a34ea7d/greenlet-3.5.1-cp315-cp315-macosx_11_0_universal2.whl", hash = "sha256:2baee5ca02031757ffe8cc3d69f0cc0aec7065ce362622da74f32d3bcab1c541", size = 285575, upload-time = "2026-05-20T13:12:07.043Z" },
    { url = "https://files.pythonhosted.org/packages/df/59/fa9c6e87dc8ad27a95dabe2f29f372b733d05a8a67470f6c901ed9975655/greenlet-3.5.1-cp315-cp315-manylinux_2_24_aarch64.manylinux_2_28_aarch64.whl", hash = "sha256:9b1ec3274918a81d3ea778b9e75b56b72b33f300edb6cf7f3a7fe1dae56683de", size = 656428, upload-time = "2026-05-20T14:00:12.556Z" },
    { url = "https://files.pythonhosted.org/packages/f6/f9/e753408871eaa61dfe35e619cfc67512b036fde99893685d50eea9e07146/greenlet-3.5.1-cp315-cp315-manylinux_2_24_ppc64le.manylinux_2_28_ppc64le.whl", hash = "sha256:111e2390ffffc47d5840b01711dd7fac07d4c09283d0283e7f3264b14e284c64", size = 667064, upload-time = "2026-05-20T14:05:48.662Z" },
    { url = "https://files.pythonhosted.org/packages/96/27/5565b5b40389f1c7753003a07e21892fda8660926787036d5bc0308b8113/greenlet-3.5.1-cp315-cp315-manylinux_2_24_x86_64.manylinux_2_28_x86_64.whl", hash = "sha256:e630136e905fe5ff43e86945ae41220b6d1470956a39220e708110ac48d01ea5", size = 665697, upload-time = "2026-05-20T13:14:32.943Z" },
    { url = "https://files.pythonhosted.org/packages/cf/82/e7de4178c0c2d1c9a5a3be3cc0b33e46a85b3ee4a77c071bf7ad8600e079/greenlet-3.5.1-cp315-cp315-musllinux_1_2_aarch64.whl", hash = "sha256:975eac34b44a7077ca4d421348455b94f0f518246a7f14bc6d2fdcfe5b584368", size = 1621256, upload-time = "2026-05-20T14:02:31.91Z" },
    { url = "https://files.pythonhosted.org/packages/00/10/f2dddcf7dacac17dfc68691809589adad06135eb28930429cf58a6467a2f/greenlet-3.5.1-cp315-cp315-musllinux_1_2_x86_64.whl", hash = "sha256:9ab3c3a0b2ae6198e67c898dad5215a49f9ae0d0081b3c3ec59f333e39eeca26", size = 1685956, upload-time = "2026-05-20T13:14:42.55Z" },
    { url = "https://files.pythonhosted.org/packages/22/17/4a232b32133230ada52f70e9d7f5b65b0caef8772f01849bd8d149e7e4ca/greenlet-3.5.1-cp315-cp315-win_amd64.whl", hash = "sha256:cbfc69be86e10dcfef5b1e6269d1d6926552aa89ee39e1de3353360c1b6989ab", size = 239802, upload-time = "2026-05-20T13:13:15.481Z" },
    { url = "https://files.pythonhosted.org/packages/c2/ae/4e623a7e6d4d2a5f4cb8e4c82de4169fc637942caae68d6e676b8a128ac5/greenlet-3.5.1-cp315-cp315-win_arm64.whl", hash = "sha256:92fd6d44ac5e5a887c8a5dc4a8ba0ba908527c31c12f78c6bc7dcfe8aab279f6", size = 236853, upload-time = "2026-05-20T13:15:37.301Z" },
    { url = "https://files.pythonhosted.org/packages/7a/57/816d9cff29119da3505b3d6a5e14a8af89006ac36f47f891ff293ee05af1/greenlet-3.5.1-cp315-cp315t-macosx_11_0_universal2.whl", hash = "sha256:a6fdf2433a5441ef9a95464f7c3e674775da1c8c1177fff311cee1acad4626ed", size = 293877, upload-time = "2026-05-20T13:10:19.078Z" },
    { url = "https://files.pythonhosted.org/packages/23/a1/59b0a7c7d140ff1a75626680b9a9899b79a9176cab298b394968fb023295/greenlet-3.5.1-cp315-cp315t-manylinux_2_24_aarch64.manylinux_2_28_aarch64.whl", hash = "sha256:7546556f0d649f99f6a361098a55f761181bb2ea12ff150bb16d26092ad88244", size = 655333, upload-time = "2026-05-20T14:00:14.758Z" },
    { url = "https://files.pythonhosted.org/packages/72/1b/5efe127597625042218939d01855109f352779050768b670b52edcc16a6c/greenlet-3.5.1-cp315-cp315t-manylinux_2_24_ppc64le.manylinux_2_28_ppc64le.whl", hash = "sha256:d5ee3ea898009fa898f85f9982255d35278c477bebe185beca249cab42d4526c", size = 659443, upload-time = "2026-05-20T14:05:50.159Z" },
    { url = "https://files.pythonhosted.org/packages/6c/6d/c404246ea4d22d097a7426d0efb5b781bd7eb67715f09e79001bd552ab18/greenlet-3.5.1-cp315-cp315t-manylinux_2_24_x86_64.manylinux_2_28_x86_64.whl", hash = "sha256:a5c81f74d204d3edd136ebfd50dce53acbb776995d721a0fe801626cfc93b8cd", size = 658356, upload-time = "2026-05-20T13:14:35.091Z" },
    { url = "https://files.pythonhosted.org/packages/51/02/f8ee37fb6d2219329f350af241c27fcf12df57e723d11f6fc6d3bacdadaa/greenlet-3.5.1-cp315-cp315t-musllinux_1_2_aarch64.whl", hash = "sha256:2c18ef16bf6d4dd410e4dd52996888ea1497be26892fe5bbc73580aba4287b8e", size = 1619216, upload-time = "2026-05-20T14:02:33.403Z" },
    { url = "https://files.pythonhosted.org/packages/93/c5/3dc9475ace2c7a3680da12372cddd7f1ac874eb410a1ac48d3e9dab83782/greenlet-3.5.1-cp315-cp315t-musllinux_1_2_x86_64.whl", hash = "sha256:17d86354f0ae6b61bf9be5148d0dd34e06c3cb7c602c671f79f29ac3b150e659", size = 1678427, upload-time = "2026-05-20T13:14:43.71Z" },
    { url = "https://files.pythonhosted.org/packages/df/4e/750c15c317a41ffb36f0bf40b933e3d744a7dede61889f74443ea69690cf/greenlet-3.5.1-cp315-cp315t-win_amd64.whl", hash = "sha256:e7516cf6ae6b8a582c2770a0caed47b8a48373ed732c33d69a72913ae6ac923e", size = 245225, upload-time = "2026-05-20T13:13:59.366Z" },
    { url = "https://files.pythonhosted.org/packages/4f/fd/d3baea2eeb7b617efd47e87ca06e2ec2c6118d303aa9e918e0ce16eadc10/greenlet-3.5.1-cp315-cp315t-win_arm64.whl", hash = "sha256:5028648bf2253ec4745add746129d3904121fa7fe871a76bed23c5720573ce0a", size = 239590, upload-time = "2026-05-20T13:13:37.382Z" },
]

[[package]]
name = "h11"
version = "0.16.0"
source = { registry = "https://pypi.org/simple" }
sdist = { url = "https://files.pythonhosted.org/packages/01/ee/02a2c011bdab74c6fb3c75474d40b3052059d95df7e73351460c8588d963/h11-0.16.0.tar.gz", hash = "sha256:4e35b956cf45792e4caa5885e69fba00bdbc6ffafbfa020300e549b208ee5ff1", size = 101250, upload-time = "2025-04-24T03:35:25.427Z" }
wheels = [
    { url = "https://files.pythonhosted.org/packages/04/4b/29cac41a4d98d144bf5f6d33995617b185d14b22401f75ca86f384e87ff1/h11-0.16.0-py3-none-any.whl", hash = "sha256:63cf8bbe7522de3bf65932fda1d9c2772064ffb3dae62d55932da54b31cb6c86", size = 37515, upload-time = "2025-04-24T03:35:24.344Z" },
]

[[package]]
name = "idna"
version = "3.12"
source = { registry = "https://pypi.org/simple" }
sdist = { url = "https://files.pythonhosted.org/packages/22/12/2948fbe5513d062169bd91f7d7b1cd97bc8894f32946b71fa39f6e63ca0c/idna-3.12.tar.gz", hash = "sha256:724e9952cc9e2bd7550ea784adb098d837ab5267ef67a1ab9cf7846bdbdd8254", size = 194350, upload-time = "2026-04-21T13:32:48.916Z" }
wheels = [
    { url = "https://files.pythonhosted.org/packages/53/b2/acc33950394b3becb2b664741a0c0889c7ef9f9ffbfa8d47eddb53a50abd/idna-3.12-py3-none-any.whl", hash = "sha256:60ffaa1858fac94c9c124728c24fcde8160f3fb4a7f79aa8cdd33a9d1af60a67", size = 68634, upload-time = "2026-04-21T13:32:47.403Z" },
]

[[package]]
name = "pydantic"
version = "2.13.3"
source = { registry = "https://pypi.org/simple" }
dependencies = [
    { name = "annotated-types" },
    { name = "pydantic-core" },
    { name = "typing-extensions" },
    { name = "typing-inspection" },
]
sdist = { url = "https://files.pythonhosted.org/packages/d9/e4/40d09941a2cebcb20609b86a559817d5b9291c49dd6f8c87e5feffbe703a/pydantic-2.13.3.tar.gz", hash = "sha256:af09e9d1d09f4e7fe37145c1f577e1d61ceb9a41924bf0094a36506285d0a84d", size = 844068, upload-time = "2026-04-20T14:46:43.632Z" }
wheels = [
    { url = "https://files.pythonhosted.org/packages/f3/0a/fd7d723f8f8153418fb40cf9c940e82004fce7e987026b08a68a36dd3fe7/pydantic-2.13.3-py3-none-any.whl", hash = "sha256:6db14ac8dfc9a1e57f87ea2c0de670c251240f43cb0c30a5130e9720dc612927", size = 471981, upload-time = "2026-04-20T14:46:41.402Z" },
]

[[package]]
name = "pydantic-core"
version = "2.46.3"
source = { registry = "https://pypi.org/simple" }
dependencies = [
    { name = "typing-extensions" },
]
sdist = { url = "https://files.pythonhosted.org/packages/2a/ef/f7abb56c49382a246fd2ce9c799691e3c3e7175ec74b14d99e798bcddb1a/pydantic_core-2.46.3.tar.gz", hash = "sha256:41c178f65b8c29807239d47e6050262eb6bf84eb695e41101e62e38df4a5bc2c", size = 471412, upload-time = "2026-04-20T14:40:56.672Z" }
wheels = [
    { url = "https://files.pythonhosted.org/packages/7f/db/a7bcb4940183fda36022cd18ba8dd12f2dff40740ec7b58ce7457befa416/pydantic_core-2.46.3-cp314-cp314-macosx_10_12_x86_64.whl", hash = "sha256:afa3aa644f74e290cdede48a7b0bee37d1c35e71b05105f6b340d484af536d9b", size = 2097614, upload-time = "2026-04-20T14:44:38.374Z" },
    { url = "https://files.pythonhosted.org/packages/24/35/e4066358a22e3e99519db370494c7528f5a2aa1367370e80e27e20283543/pydantic_core-2.46.3-cp314-cp314-macosx_11_0_arm64.whl", hash = "sha256:ced3310e51aa425f7f77da8bbbb5212616655bedbe82c70944320bc1dbe5e018", size = 1951896, upload-time = "2026-04-20T14:40:53.996Z" },
    { url = "https://files.pythonhosted.org/packages/87/92/37cf4049d1636996e4b888c05a501f40a43ff218983a551d57f9d5e14f0d/pydantic_core-2.46.3-cp314-cp314-manylinux_2_17_aarch64.manylinux2014_aarch64.whl", hash = "sha256:e29908922ce9da1a30b4da490bd1d3d82c01dcfdf864d2a74aacee674d0bfa34", size = 1979314, upload-time = "2026-04-20T14:41:49.446Z" },
    { url = "https://files.pythonhosted.org/packages/d8/36/9ff4d676dfbdfb2d591cf43f3d90ded01e15b1404fd101180ed2d62a2fd3/pydantic_core-2.46.3-cp314-cp314-manylinux_2_17_armv7l.manylinux2014_armv7l.whl", hash = "sha256:0c9ff69140423eea8ed2d5477df3ba037f671f5e897d206d921bc9fdc39613e7", size = 2056133, upload-time = "2026-04-20T14:42:23.574Z" },
    { url = "https://files.pythonhosted.org/packages/bc/f0/405b442a4d7ba855b06eec8b2bf9c617d43b8432d099dfdc7bf999293495/pydantic_core-2.46.3-cp314-cp314-manylinux_2_17_ppc64le.manylinux2014_ppc64le.whl", hash = "sha256:b675ab0a0d5b1c8fdb81195dc5bcefea3f3c240871cdd7ff9a2de8aa50772eb2", size = 2228726, upload-time = "2026-04-20T14:44:22.816Z" },
    { url = "https://files.pythonhosted.org/packages/e7/f8/65cd92dd5a0bd89ba277a98ecbfaf6fc36bbd3300973c7a4b826d6ab1391/pydantic_core-2.46.3-cp314-cp314-manylinux_2_17_s390x.manylinux2014_s390x.whl", hash = "sha256:0087084960f209a9a4af50ecd1fb063d9ad3658c07bb81a7a53f452dacbfb2ba", size = 2301214, upload-time = "2026-04-20T14:44:48.792Z" },
    { url = "https://files.pythonhosted.org/packages/fd/86/ef96a4c6e79e7a2d0410826a68fbc0eccc0fd44aa733be199d5fcac3bb87/pydantic_core-2.46.3-cp314-cp314-manylinux_2_17_x86_64.manylinux2014_x86_64.whl", hash = "sha256:ed42e6cc8e1b0e2b9b96e2276bad70ae625d10d6d524aed0c93de974ae029f9f", size = 2099927, upload-time = "2026-04-20T14:41:40.196Z" },
    { url = "https://files.pythonhosted.org/packages/6d/53/269caf30e0096e0a8a8f929d1982a27b3879872cca2d917d17c2f9fdf4fe/pydantic_core-2.46.3-cp314-cp314-manylinux_2_31_riscv64.whl", hash = "sha256:f1771ce258afb3e4201e67d154edbbae712a76a6081079fe247c2f53c6322c22", size = 2128789, upload-time = "2026-04-20T14:41:15.868Z" },
    { url = "https://files.pythonhosted.org/packages/00/b0/1a6d9b6a587e118482910c244a1c5acf4d192604174132efd12bf0ac486f/pydantic_core-2.46.3-cp314-cp314-manylinux_2_5_i686.manylinux1_i686.whl", hash = "sha256:a7610b6a5242a6c736d8ad47fd5fff87fcfe8f833b281b1c409c3d6835d9227f", size = 2173815, upload-time = "2026-04-20T14:44:25.152Z" },
    { url = "https://files.pythonhosted.org/packages/87/56/e7e00d4041a7e62b5a40815590114db3b535bf3ca0bf4dca9f16cef25246/pydantic_core-2.46.3-cp314-cp314-musllinux_1_1_aarch64.whl", hash = "sha256:ff5e7783bcc5476e1db448bf268f11cb257b1c276d3e89f00b5727be86dd0127", size = 2181608, upload-time = "2026-04-20T14:41:28.933Z" },
    { url = "https://files.pythonhosted.org/packages/e8/22/4bd23c3d41f7c185d60808a1de83c76cf5aeabf792f6c636a55c3b1ec7f9/pydantic_core-2.46.3-cp314-cp314-musllinux_1_1_armv7l.whl", hash = "sha256:9d2e32edcc143bc01e95300671915d9ca052d4f745aa0a49c48d4803f8a85f2c", size = 2326968, upload-time = "2026-04-20T14:42:03.962Z" },
    { url = "https://files.pythonhosted.org/packages/24/ac/66cd45129e3915e5ade3b292cb3bc7fd537f58f8f8dbdaba6170f7cabb74/pydantic_core-2.46.3-cp314-cp314-musllinux_1_1_x86_64.whl", hash = "sha256:6e42d83d1c6b87fa56b521479cff237e626a292f3b31b6345c15a99121b454c1", size = 2369842, upload-time = "2026-04-20T14:41:35.52Z" },
    { url = "https://files.pythonhosted.org/packages/a2/51/dd4248abb84113615473aa20d5545b7c4cd73c8644003b5259686f93996c/pydantic_core-2.46.3-cp314-cp314-win32.whl", hash = "sha256:07bc6d2a28c3adb4f7c6ae46aa4f2d2929af127f587ed44057af50bf1ce0f505", size = 1959661, upload-time = "2026-04-20T14:41:00.042Z" },
    { url = "https://files.pythonhosted.org/packages/20/eb/59980e5f1ae54a3b86372bd9f0fa373ea2d402e8cdcd3459334430f91e91/pydantic_core-2.46.3-cp314-cp314-win_amd64.whl", hash = "sha256:8940562319bc621da30714617e6a7eaa6b98c84e8c685bcdc02d7ed5e7c7c44e", size = 2071686, upload-time = "2026-04-20T14:43:16.471Z" },
    { url = "https://files.pythonhosted.org/packages/8c/db/1cf77e5247047dfee34bc01fa9bca134854f528c8eb053e144298893d370/pydantic_core-2.46.3-cp314-cp314-win_arm64.whl", hash = "sha256:5dcbbcf4d22210ced8f837c96db941bdb078f419543472aca5d9a0bb7cddc7df", size = 2026907, upload-time = "2026-04-20T14:43:31.732Z" },
    { url = "https://files.pythonhosted.org/packages/57/c0/b3df9f6a543276eadba0a48487b082ca1f201745329d97dbfa287034a230/pydantic_core-2.46.3-cp314-cp314t-macosx_10_12_x86_64.whl", hash = "sha256:d0fe3dce1e836e418f912c1ad91c73357d03e556a4d286f441bf34fed2dbeecf", size = 2095047, upload-time = "2026-04-20T14:42:37.982Z" },
    { url = "https://files.pythonhosted.org/packages/66/57/886a938073b97556c168fd99e1a7305bb363cd30a6d2c76086bf0587b32a/pydantic_core-2.46.3-cp314-cp314t-macosx_11_0_arm64.whl", hash = "sha256:9ce92e58abc722dac1bf835a6798a60b294e48eb0e625ec9fd994b932ac5feee", size = 1934329, upload-time = "2026-04-20T14:43:49.655Z" },
    { url = "https://files.pythonhosted.org/packages/0b/7c/b42eaa5c34b13b07ecb51da21761297a9b8eb43044c864a035999998f328/pydantic_core-2.46.3-cp314-cp314t-manylinux_2_17_aarch64.manylinux2014_aarch64.whl", hash = "sha256:a03e6467f0f5ab796a486146d1b887b2dc5e5f9b3288898c1b1c3ad974e53e4a", size = 1974847, upload-time = "2026-04-20T14:42:10.737Z" },
    { url = "https://files.pythonhosted.org/packages/e6/9b/92b42db6543e7de4f99ae977101a2967b63122d4b6cf7773812da2d7d5b5/pydantic_core-2.46.3-cp314-cp314t-manylinux_2_17_armv7l.manylinux2014_armv7l.whl", hash = "sha256:2798b6ba041b9d70acfb9071a2ea13c8456dd1e6a5555798e41ba7b0790e329c", size = 2041742, upload-time = "2026-04-20T14:40:44.262Z" },
    { url = "https://files.pythonhosted.org/packages/0f/19/46fbe1efabb5aa2834b43b9454e70f9a83ad9c338c1291e48bdc4fecf167/pydantic_core-2.46.3-cp314-cp314t-manylinux_2_17_ppc64le.manylinux2014_ppc64le.whl", hash = "sha256:9be3e221bdc6d69abf294dcf7aff6af19c31a5cdcc8f0aa3b14be29df4bd03b1", size = 2236235, upload-time = "2026-04-20T14:41:27.307Z" },
    { url = "https://files.pythonhosted.org/packages/77/da/b3f95bc009ad60ec53120f5d16c6faa8cabdbe8a20d83849a1f2b8728148/pydantic_core-2.46.3-cp314-cp314t-manylinux_2_17_s390x.manylinux2014_s390x.whl", hash = "sha256:f13936129ce841f2a5ddf6f126fea3c43cd128807b5a59588c37cf10178c2e64", size = 2282633, upload-time = "2026-04-20T14:44:33.271Z" },
    { url = "https://files.pythonhosted.org/packages/cc/6e/401336117722e28f32fb8220df676769d28ebdf08f2f4469646d404c43a3/pydantic_core-2.46.3-cp314-cp314t-manylinux_2_17_x86_64.manylinux2014_x86_64.whl", hash = "sha256:28b5f2ef03416facccb1c6ef744c69793175fd27e44ef15669201601cf423acb", size = 2109679, upload-time = "2026-04-20T14:44:41.065Z" },
    { url = "https://files.pythonhosted.org/packages/fc/53/b289f9bc8756a32fe718c46f55afaeaf8d489ee18d1a1e7be1db73f42cc4/pydantic_core-2.46.3-cp314-cp314t-manylinux_2_31_riscv64.whl", hash = "sha256:830d1247d77ad23852314f069e9d7ddafeec5f684baf9d7e7065ed46a049c4e6", size = 2108342, upload-time = "2026-04-20T14:42:50.144Z" },
    { url = "https://files.pythonhosted.org/packages/10/5b/8292fc7c1f9111f1b2b7c1b0dcf1179edcd014fc3ea4517499f50b829d71/pydantic_core-2.46.3-cp314-cp314t-manylinux_2_5_i686.manylinux1_i686.whl", hash = "sha256:d0793c90c1a3c74966e7975eaef3ed30ebdff3260a0f815a62a22adc17e4c01c", size = 2157208, upload-time = "2026-04-20T14:42:08.133Z" },
    { url = "https://files.pythonhosted.org/packages/2b/9e/f80044e9ec07580f057a89fc131f78dda7a58751ddf52bbe05eaf31db50f/pydantic_core-2.46.3-cp314-cp314t-musllinux_1_1_aarch64.whl", hash = "sha256:d2d0aead851b66f5245ec0c4fb2612ef457f8bbafefdf65a2bf9d6bac6140f47", size = 2167237, upload-time = "2026-04-20T14:42:25.412Z" },
    { url = "https://files.pythonhosted.org/packages/f8/84/6781a1b037f3b96be9227edbd1101f6d3946746056231bf4ac48cdff1a8d/pydantic_core-2.46.3-cp314-cp314t-musllinux_1_1_armv7l.whl", hash = "sha256:2f40e4246676beb31c5ce77c38a55ca4e465c6b38d11ea1bd935420568e0b1ab", size = 2312540, upload-time = "2026-04-20T14:40:40.313Z" },
    { url = "https://files.pythonhosted.org/packages/3e/db/19c0839feeb728e7df03255581f198dfdf1c2aeb1e174a8420b63c5252e5/pydantic_core-2.46.3-cp314-cp314t-musllinux_1_1_x86_64.whl", hash = "sha256:cf489cf8986c543939aeee17a09c04d6ffb43bfef8ca16fcbcc5cfdcbed24dba", size = 2369556, upload-time = "2026-04-20T14:41:09.427Z" },
    { url = "https://files.pythonhosted.org/packages/e0/15/3228774cb7cd45f5f721ddf1b2242747f4eb834d0c491f0c02d606f09fed/pydantic_core-2.46.3-cp314-cp314t-win32.whl", hash = "sha256:ffe0883b56cfc05798bf994164d2b2ff03efe2d22022a2bb080f3b626176dd56", size = 1949756, upload-time = "2026-04-20T14:41:25.717Z" },
    { url = "https://files.pythonhosted.org/packages/b8/2a/c79cf53fd91e5a87e30d481809f52f9a60dd221e39de66455cf04deaad37/pydantic_core-2.46.3-cp314-cp314t-win_amd64.whl", hash = "sha256:706d9d0ce9cf4593d07270d8e9f53b161f90c57d315aeec4fb4fd7a8b10240d8", size = 2051305, upload-time = "2026-04-20T14:43:18.627Z" },
    { url = "https://files.pythonhosted.org/packages/0b/db/d8182a7f1d9343a032265aae186eb063fe26ca4c40f256b21e8da4498e89/pydantic_core-2.46.3-cp314-cp314t-win_arm64.whl", hash = "sha256:77706aeb41df6a76568434701e0917da10692da28cb69d5fb6919ce5fdb07374", size = 2026310, upload-time = "2026-04-20T14:41:01.778Z" },
]

[[package]]
name = "sqlalchemy"
version = "2.0.50"
source = { registry = "https://pypi.org/simple" }
dependencies = [
    { name = "greenlet", marker = "platform_machine == 'AMD64' or platform_machine == 'WIN32' or platform_machine == 'aarch64' or platform_machine == 'amd64' or platform_machine == 'ppc64le' or platform_machine == 'win32' or platform_machine == 'x86_64'" },
    { name = "typing-extensions" },
]
sdist = { url = "https://files.pythonhosted.org/packages/57/da/6fbf010c8ebb347679d0d100b22fe9ba5e13fd04046c5df7280d2f0bf706/sqlalchemy-2.0.50.tar.gz", hash = "sha256:af5607d11ef90fd6a5c0549fe0045dce1663d427426bcfb506dcb5346a85a3b9", size = 9907424, upload-time = "2026-05-24T19:20:04.018Z" }
wheels = [
    { url = "https://files.pythonhosted.org/packages/df/32/10ac51b4be7cdecd7e93d069251c86dfbf70b7adbd7c67b48ccea6c49e1c/sqlalchemy-2.0.50-cp314-cp314-macosx_11_0_arm64.whl", hash = "sha256:c966932507a4d7d0a37314927dbfcd89720e3f37d2a1e3352e7ae7939fa8e8a0", size = 2158519, upload-time = "2026-05-24T19:27:56.472Z" },
    { url = "https://files.pythonhosted.org/packages/5a/76/e703d2f7681d7d66c4c891af3f07c7ccf4c76ad7f18351de035b5eda007a/sqlalchemy-2.0.50-cp314-cp314-manylinux2014_aarch64.manylinux_2_17_aarch64.manylinux_2_28_aarch64.whl", hash = "sha256:faffef4bcc20a1892e65e155293d99d60855bbbc79250ab712819cfd56a8e6bb", size = 3282063, upload-time = "2026-05-24T20:09:38.57Z" },
    { url = "https://files.pythonhosted.org/packages/31/26/ef168b184a25701f9995e8fb7e503fafd7a99c1c77cda1bc1a26ea2ed486/sqlalchemy-2.0.50-cp314-cp314-manylinux2014_x86_64.manylinux_2_17_x86_64.manylinux_2_28_x86_64.whl", hash = "sha256:6c206aec519a2e7bd08abbfb33436e325fd22c632d9c21a9047e376ce241646e", size = 3287069, upload-time = "2026-05-24T20:17:21.942Z" },
    { url = "https://files.pythonhosted.org/packages/c2/15/765acc2bc693bccc43ca4a95d5b69750da8aaf6db1b5c616536e087f8920/sqlalchemy-2.0.50-cp314-cp314-musllinux_1_2_aarch64.whl", hash = "sha256:bef4ac756363227ef6402a75fee025a4bc690f92328e825868939b3b3a446a6d", size = 3230453, upload-time = "2026-05-24T20:09:40.398Z" },
    { url = "https://files.pythonhosted.org/packages/63/61/08e03c3adbf5db0087a0b6816746fec8f3032fb2f7fc899a9bb9b2a48ce4/sqlalchemy-2.0.50-cp314-cp314-musllinux_1_2_x86_64.whl", hash = "sha256:96fbee6b19c19cd1556c8bf9419447cf2ec149ffcab7ab64348c23e54ef8547f", size = 3252413, upload-time = "2026-05-24T20:17:24.067Z" },
    { url = "https://files.pythonhosted.org/packages/03/0c/370a1f2db38436c615e10134c8a37de3688e74084792380695f3f5083860/sqlalchemy-2.0.50-cp314-cp314-win32.whl", hash = "sha256:8f00e3eb43ba30eb1b238ee03a8a62309486d1321eda3328bb611e0340033ad8", size = 2120063, upload-time = "2026-05-24T19:50:11.08Z" },
    { url = "https://files.pythonhosted.org/packages/7f/a0/fe92bb9817863bc13ba093bda931979a26cc2ca69f8e8f26d07add3d7c6f/sqlalchemy-2.0.50-cp314-cp314-win_amd64.whl", hash = "sha256:15708c613cd5005b7dffe1f66ee6a63ee8f5e46799f71c70ebad74178c676a39", size = 2145830, upload-time = "2026-05-24T19:50:12.452Z" },
    { url = "https://files.pythonhosted.org/packages/cc/ff/e5640a98a0b2f491eb8fde10fb6c773621a2e44340de231fafcc9370f4a9/sqlalchemy-2.0.50-cp314-cp314t-macosx_11_0_arm64.whl", hash = "sha256:3699dac4be410e97049a1658e9480da9cde956594aa0f3aebc60b88f21c5ba70", size = 2178435, upload-time = "2026-05-24T19:42:58.889Z" },
    { url = "https://files.pythonhosted.org/packages/b7/85/337116e186f1236375b5fb70c21cfac98e8e8ab0d3a47be838dc47a59e08/sqlalchemy-2.0.50-cp314-cp314t-manylinux2014_aarch64.manylinux_2_17_aarch64.manylinux_2_28_aarch64.whl", hash = "sha256:f96233858e3df43932ac11589e22520da6e8aeb624b03fedfeebb0e8ea213086", size = 3566059, upload-time = "2026-05-24T20:01:20.848Z" },
    { url = "https://files.pythonhosted.org/packages/96/34/bb0e190e161c3c2c24314a65add57218be14a4a9486886b7f5047c1ff7c8/sqlalchemy-2.0.50-cp314-cp314t-manylinux2014_x86_64.manylinux_2_17_x86_64.manylinux_2_28_x86_64.whl", hash = "sha256:c4e70c46fad30c3bcc6a4708bc0130a3173e11a5b25f0ea4a9d8911b450f1f52", size = 3535366, upload-time = "2026-05-24T20:03:56.768Z" },
    { url = "https://files.pythonhosted.org/packages/df/5a/a7f759f97e4fd499c5d4e4488c760d5a7fbecf3028b465a04274fcd52384/sqlalchemy-2.0.50-cp314-cp314t-musllinux_1_2_aarch64.whl", hash = "sha256:1918a3cf564d16d95bca7301005f41ab2ad50b07cd3b9da50d3ed986db148d6a", size = 3474879, upload-time = "2026-05-24T20:01:23.058Z" },
    { url = "https://files.pythonhosted.org/packages/9d/d9/2907ea38eb60687d297bf9c39e5ee58053c87b57fe8a9cae97090cecbf10/sqlalchemy-2.0.50-cp314-cp314t-musllinux_1_2_x86_64.whl", hash = "sha256:b00098cdbdbd38c7be3d568b0c9c3122b8c0ec62b911b57cd5e6e0254d60a76d", size = 3486117, upload-time = "2026-05-24T20:03:59.052Z" },
    { url = "https://files.pythonhosted.org/packages/f2/e3/5aa06f167559f8c0bdae487e297d23ba548150ab016a3418265d617a4985/sqlalchemy-2.0.50-cp314-cp314t-win32.whl", hash = "sha256:1fbd55a969d7ac44a98e3dec75016074f809fa08f871585ace58dde110d1bf3e", size = 2150823, upload-time = "2026-05-24T20:08:58.644Z" },
    { url = "https://files.pythonhosted.org/packages/65/9b/112fb8f977582d7489d036e409e3723948bcf5320b3ac465f3c481bbe8f9/sqlalchemy-2.0.50-cp314-cp314t-win_amd64.whl", hash = "sha256:c5c3cdb753a9004183e1ccb634b41611654c989e61bc68617ce878e46d6f1e51", size = 2185794, upload-time = "2026-05-24T20:09:00.319Z" },
    { url = "https://files.pythonhosted.org/packages/d0/10/f7220e9b784d295d241c86ed99aeb537f92afcd469a64861f2717e9bb077/sqlalchemy-2.0.50-py3-none-any.whl", hash = "sha256:92064363517a3ff8212b5a93b8c62876579d8dfd1ca5b561335f30152d884fa9", size = 1943861, upload-time = "2026-05-24T19:59:01.119Z" },
]

[[package]]
name = "starlette"
version = "1.0.0"
source = { registry = "https://pypi.org/simple" }
dependencies = [
    { name = "anyio" },
]
sdist = { url = "https://files.pythonhosted.org/packages/81/69/17425771797c36cded50b7fe44e850315d039f28b15901ab44839e70b593/starlette-1.0.0.tar.gz", hash = "sha256:6a4beaf1f81bb472fd19ea9b918b50dc3a77a6f2e190a12954b25e6ed5eea149", size = 2655289, upload-time = "2026-03-22T18:29:46.779Z" }
wheels = [
    { url = "https://files.pythonhosted.org/packages/0b/c9/584bc9651441b4ba60cc4d557d8a547b5aff901af35bda3a4ee30c819b82/starlette-1.0.0-py3-none-any.whl", hash = "sha256:d3ec55e0bb321692d275455ddfd3df75fff145d009685eb40dc91fc66b03d38b", size = 72651, upload-time = "2026-03-22T18:29:45.111Z" },
]

[[package]]
name = "typing-extensions"
version = "4.15.0"
source = { registry = "https://pypi.org/simple" }
sdist = { url = "https://files.pythonhosted.org/packages/72/94/1a15dd82efb362ac84269196e94cf00f187f7ed21c242792a923cdb1c61f/typing_extensions-4.15.0.tar.gz", hash = "sha256:0cea48d173cc12fa28ecabc3b837ea3cf6f38c6d1136f85cbaaf598984861466", size = 109391, upload-time = "2025-08-25T13:49:26.313Z" }
wheels = [
    { url = "https://files.pythonhosted.org/packages/18/67/36e9267722cc04a6b9f15c7f3441c2363321a3ea07da7ae0c0707beb2a9c/typing_extensions-4.15.0-py3-none-any.whl", hash = "sha256:f0fa19c6845758ab08074a0cfa8b7aecb71c999ca73d62883bc25cc018c4e548", size = 44614, upload-time = "2025-08-25T13:49:24.86Z" },
]

[[package]]
name = "typing-inspection"
version = "0.4.2"
source = { registry = "https://pypi.org/simple" }
dependencies = [
    { name = "typing-extensions" },
]
sdist = { url = "https://files.pythonhosted.org/packages/55/e3/70399cb7dd41c10ac53367ae42139cf4b1ca5f36bb3dc6c9d33acdb43655/typing_inspection-0.4.2.tar.gz", hash = "sha256:ba561c48a67c5958007083d386c3295464928b01faa735ab8547c5692e87f464", size = 75949, upload-time = "2025-10-01T02:14:41.687Z" }
wheels = [
    { url = "https://files.pythonhosted.org/packages/dc/9b/47798a6c91d8bdb567fe2698fe81e0c6b7cb7ef4d13da4114b41d239f65d/typing_inspection-0.4.2-py3-none-any.whl", hash = "sha256:4ed1cacbdc298c220f1bd249ed5287caa16f34d44ef4e9c3d0cbad5b521545e7", size = 14611, upload-time = "2025-10-01T02:14:40.154Z" },
]

[[package]]
name = "uvicorn"
version = "0.45.0"
source = { registry = "https://pypi.org/simple" }
dependencies = [
    { name = "click" },
    { name = "h11" },
]
sdist = { url = "https://files.pythonhosted.org/packages/eb/2e/62b0d9a2cfc8b4de6771322dae30f2db76c66dae9ec32e94e176a44ad563/uvicorn-0.45.0.tar.gz", hash = "sha256:3fe650df136c5bd2b9b06efc5980636344a2fbb840e9ddd86437d53144fa335d", size = 87818, upload-time = "2026-04-21T10:43:46.815Z" }
wheels = [
    { url = "https://files.pythonhosted.org/packages/c1/88/d0f7512465b166a4e931ccf7e77792be60fb88466a43964c7566cbaff752/uvicorn-0.45.0-py3-none-any.whl", hash = "sha256:2db26f588131aeec7439de00f2dd52d5f210710c1f01e407a52c90b880d1fd4f", size = 69838, upload-time = "2026-04-21T10:43:45.029Z" },
]
